
Microsoft Visual Studio Solution File, Format Version 12.00
# Visual Studio Version 16
VisualStudioVersion = 16.0.30611.23
MinimumVisualStudioVersion = 10.0.40219.1
Project("{FAE04EC0-301F-11D3-BF4B-00C04F79EFBC}") = "Project-Client", "Project-Client\Project-Client.csproj", "{066EA7F0-3BC1-42DA-A4A4-C2E0A4480AE9}"
EndProject
Global
	GlobalSection(SolutionConfigurationPlatforms) = preSolution
		Debug|Any CPU = Debug|Any CPU
		Release|Any CPU = Release|Any CPU
	EndGlobalSection
	GlobalSection(ProjectConfigurationPlatforms) = postSolution
		{066EA7F0-3BC1-42DA-A4A4-C2E0A4480AE9}.Debug|Any CPU.ActiveCfg = Debug|Any CPU
		{066EA7F0-3BC1-42DA-A4A4-C2E0A4480AE9}.Debug|Any CPU.Build.0 = Debug|Any CPU
		{066EA7F0-3BC1-42DA-A4A4-C2E0A4480AE9}.Release|Any CPU.ActiveCfg = Release|Any CPU
		{066EA7F0-3BC1-42DA-A4A4-C2E0A4480AE9}.Release|Any CPU.Build.0 = Release|Any CPU
	EndGlobalSection
	GlobalSection(SolutionProperties) = preSolution
		HideSolutionNode = FALSE
	EndGlobalSection
	GlobalSection(ExtensibilityGlobals) = postSolution
		SolutionGuid = {64F8B051-4D21-41C8-B7A3-1976C82A052D}
	EndGlobalSection
EndGlobal
